
Microsoft Visual Studio Solution File, Format Version 12.00
# Visual Studio Version 17
VisualStudioVersion = 17.5.33627.172
MinimumVisualStudioVersion = 10.0.40219.1
Project("{9A19103F-16F7-4668-BE54-9A1E7A4F7556}") = "Syntax", "Syntax\Syntax.csproj", "{CD4AD886-E220-4AC5-A280-26D5DA8B3272}"
EndProject
Project("{FAE04EC0-301F-11D3-BF4B-00C04F79EFBC}") = "Reporting", "Reporting\Reporting.csproj", "{F5E690F9-1B57-4051-A947-CEC5C6224DA9}"
EndProject
Project("{FAE04EC0-301F-11D3-BF4B-00C04F79EFBC}") = "Calculator", "Calculator\Calculator.csproj", "{0D5C6E0E-A9A0-494B-979E-F27C38152844}"
EndProject
Global
	GlobalSection(SolutionConfigurationPlatforms) = preSolution
		Debug|Any CPU = Debug|Any CPU
		Release|Any CPU = Release|Any CPU
	EndGlobalSection
	GlobalSection(ProjectConfigurationPlatforms) = postSolution
		{CD4AD886-E220-4AC5-A280-26D5DA8B3272}.Debug|Any CPU.ActiveCfg = Debug|Any CPU
		{CD4AD886-E220-4AC5-A280-26D5DA8B3272}.Debug|Any CPU.Build.0 = Debug|Any CPU
		{CD4AD886-E220-4AC5-A280-26D5DA8B3272}.Release|Any CPU.ActiveCfg = Release|Any CPU
		{CD4AD886-E220-4AC5-A280-26D5DA8B3272}.Release|Any CPU.Build.0 = Release|Any CPU
		{F5E690F9-1B57-4051-A947-CEC5C6224DA9}.Debug|Any CPU.ActiveCfg = Debug|Any CPU
		{F5E690F9-1B57-4051-A947-CEC5C6224DA9}.Debug|Any CPU.Build.0 = Debug|Any CPU
		{F5E690F9-1B57-4051-A947-CEC5C6224DA9}.Release|Any CPU.ActiveCfg = Release|Any CPU
		{F5E690F9-1B57-4051-A947-CEC5C6224DA9}.Release|Any CPU.Build.0 = Release|Any CPU
		{0D5C6E0E-A9A0-494B-979E-F27C38152844}.Debug|Any CPU.ActiveCfg = Debug|Any CPU
		{0D5C6E0E-A9A0-494B-979E-F27C38152844}.Debug|Any CPU.Build.0 = Debug|Any CPU
		{0D5C6E0E-A9A0-494B-979E-F27C38152844}.Release|Any CPU.ActiveCfg = Release|Any CPU
		{0D5C6E0E-A9A0-494B-979E-F27C38152844}.Release|Any CPU.Build.0 = Release|Any CPU
	EndGlobalSection
	GlobalSection(SolutionProperties) = preSolution
		HideSolutionNode = FALSE
	EndGlobalSection
	GlobalSection(ExtensibilityGlobals) = postSolution
		SolutionGuid = {90D977FD-934E-446C-8CEC-9AA3294D3AA5}
	EndGlobalSection
EndGlobal
